
Microsoft Visual Studio Solution File, Format Version 12.00
# Visual Studio 15
VisualStudioVersion = 15.0.27428.2005
MinimumVisualStudioVersion = 10.0.40219.1
Project("{FAE04EC0-301F-11D3-BF4B-00C04F79EFBC}") = "ACLLexerParser", "ACLLexerParser\ACLLexerParser.csproj", "{32318DFD-8006-4814-AB31-24993F811568}"
EndProject
Global
	GlobalSection(SolutionConfigurationPlatforms) = preSolution
		Debug|Any CPU = Debug|Any CPU
		Release|Any CPU = Release|Any CPU
	EndGlobalSection
	GlobalSection(ProjectConfigurationPlatforms) = postSolution
		{32318DFD-8006-4814-AB31-24993F811568}.Debug|Any CPU.ActiveCfg = Debug|Any CPU
		{32318DFD-8006-4814-AB31-24993F811568}.Debug|Any CPU.Build.0 = Debug|Any CPU
		{32318DFD-8006-4814-AB31-24993F811568}.Release|Any CPU.ActiveCfg = Release|Any CPU
		{32318DFD-8006-4814-AB31-24993F811568}.Release|Any CPU.Build.0 = Release|Any CPU
	EndGlobalSection
	GlobalSection(SolutionProperties) = preSolution
		HideSolutionNode = FALSE
	EndGlobalSection
	GlobalSection(ExtensibilityGlobals) = postSolution
		SolutionGuid = {BCA51FBB-B97A-4630-9455-43C3897CE5FE}
	EndGlobalSection
EndGlobal
